
Microsoft Visual Studio Solution File, Format Version 12.00
# Visual Studio Version 16
VisualStudioVersion = 16.0.33927.289
MinimumVisualStudioVersion = 10.0.40219.1
Project("{FAE04EC0-301F-11D3-BF4B-00C04F79EFBC}") = "TestandoIniciacaoMetodoConstrutorClasse", "TestandoIniciacaoMetodoConstrutorClasse.csproj", "{6FBB0D39-0F0A-4094-BF44-BFA5E49A0C20}"
EndProject
Project("{FAE04EC0-301F-11D3-BF4B-00C04F79EFBC}") = "Teste", "..\Teste\Teste.csproj", "{284B0C67-20C3-457F-B11B-402816C57542}"
EndProject
Global
	GlobalSection(SolutionConfigurationPlatforms) = preSolution
		Debug|Any CPU = Debug|Any CPU
		Release|Any CPU = Release|Any CPU
	EndGlobalSection
	GlobalSection(ProjectConfigurationPlatforms) = postSolution
		{6FBB0D39-0F0A-4094-BF44-BFA5E49A0C20}.Debug|Any CPU.ActiveCfg = Debug|Any CPU
		{6FBB0D39-0F0A-4094-BF44-BFA5E49A0C20}.Debug|Any CPU.Build.0 = Debug|Any CPU
		{6FBB0D39-0F0A-4094-BF44-BFA5E49A0C20}.Release|Any CPU.ActiveCfg = Release|Any CPU
		{6FBB0D39-0F0A-4094-BF44-BFA5E49A0C20}.Release|Any CPU.Build.0 = Release|Any CPU
		{284B0C67-20C3-457F-B11B-402816C57542}.Debug|Any CPU.ActiveCfg = Debug|Any CPU
		{284B0C67-20C3-457F-B11B-402816C57542}.Debug|Any CPU.Build.0 = Debug|Any CPU
		{284B0C67-20C3-457F-B11B-402816C57542}.Release|Any CPU.ActiveCfg = Release|Any CPU
		{284B0C67-20C3-457F-B11B-402816C57542}.Release|Any CPU.Build.0 = Release|Any CPU
	EndGlobalSection
	GlobalSection(SolutionProperties) = preSolution
		HideSolutionNode = FALSE
	EndGlobalSection
	GlobalSection(ExtensibilityGlobals) = postSolution
		SolutionGuid = {A12BA8DE-8223-4092-B0FA-D8190219BD9F}
	EndGlobalSection
EndGlobal
